
Microsoft Visual Studio Solution File, Format Version 12.00
# Visual Studio Version 17
VisualStudioVersion = 17.5.33414.496
MinimumVisualStudioVersion = 10.0.40219.1
Project("{FAE04EC0-301F-11D3-BF4B-00C04F79EFBC}") = "mayor_menor_edad", "mayor_menor_edad.csproj", "{905159B8-A1EF-4E6C-84B7-3250DB4BBA18}"
EndProject
Global
	GlobalSection(SolutionConfigurationPlatforms) = preSolution
		Debug|Any CPU = Debug|Any CPU
		Release|Any CPU = Release|Any CPU
	EndGlobalSection
	GlobalSection(ProjectConfigurationPlatforms) = postSolution
		{905159B8-A1EF-4E6C-84B7-3250DB4BBA18}.Debug|Any CPU.ActiveCfg = Debug|Any CPU
		{905159B8-A1EF-4E6C-84B7-3250DB4BBA18}.Debug|Any CPU.Build.0 = Debug|Any CPU
		{905159B8-A1EF-4E6C-84B7-3250DB4BBA18}.Release|Any CPU.ActiveCfg = Release|Any CPU
		{905159B8-A1EF-4E6C-84B7-3250DB4BBA18}.Release|Any CPU.Build.0 = Release|Any CPU
	EndGlobalSection
	GlobalSection(SolutionProperties) = preSolution
		HideSolutionNode = FALSE
	EndGlobalSection
	GlobalSection(ExtensibilityGlobals) = postSolution
		SolutionGuid = {4B2BF31F-BEAF-4787-BDD5-108FA791FAB9}
	EndGlobalSection
EndGlobal
