
Microsoft Visual Studio Solution File, Format Version 12.00
# Visual Studio Version 17
VisualStudioVersion = 17.5.33414.496
MinimumVisualStudioVersion = 10.0.40219.1
Project("{FAE04EC0-301F-11D3-BF4B-00C04F79EFBC}") = "Numeros_30_50_Ciclo_While", "Numeros_30_50_Ciclo_While.csproj", "{CE58A639-4835-490D-AD8A-88F207839DA5}"
EndProject
Global
	GlobalSection(SolutionConfigurationPlatforms) = preSolution
		Debug|Any CPU = Debug|Any CPU
		Release|Any CPU = Release|Any CPU
	EndGlobalSection
	GlobalSection(ProjectConfigurationPlatforms) = postSolution
		{CE58A639-4835-490D-AD8A-88F207839DA5}.Debug|Any CPU.ActiveCfg = Debug|Any CPU
		{CE58A639-4835-490D-AD8A-88F207839DA5}.Debug|Any CPU.Build.0 = Debug|Any CPU
		{CE58A639-4835-490D-AD8A-88F207839DA5}.Release|Any CPU.ActiveCfg = Release|Any CPU
		{CE58A639-4835-490D-AD8A-88F207839DA5}.Release|Any CPU.Build.0 = Release|Any CPU
	EndGlobalSection
	GlobalSection(SolutionProperties) = preSolution
		HideSolutionNode = FALSE
	EndGlobalSection
	GlobalSection(ExtensibilityGlobals) = postSolution
		SolutionGuid = {9786856B-A498-45C0-AFA3-032C188322D6}
	EndGlobalSection
EndGlobal
