
Microsoft Visual Studio Solution File, Format Version 12.00
# Visual Studio Version 17
VisualStudioVersion = 17.5.33414.496
MinimumVisualStudioVersion = 10.0.40219.1
Project("{FAE04EC0-301F-11D3-BF4B-00C04F79EFBC}") = "Tabla_Multiplicacion_Ciclo_Do_While", "Tabla_Multiplicacion_Ciclo_Do_While.csproj", "{4E7AEBBE-67E7-4C89-9E86-4A956C400DF5}"
EndProject
Global
	GlobalSection(SolutionConfigurationPlatforms) = preSolution
		Debug|Any CPU = Debug|Any CPU
		Release|Any CPU = Release|Any CPU
	EndGlobalSection
	GlobalSection(ProjectConfigurationPlatforms) = postSolution
		{4E7AEBBE-67E7-4C89-9E86-4A956C400DF5}.Debug|Any CPU.ActiveCfg = Debug|Any CPU
		{4E7AEBBE-67E7-4C89-9E86-4A956C400DF5}.Debug|Any CPU.Build.0 = Debug|Any CPU
		{4E7AEBBE-67E7-4C89-9E86-4A956C400DF5}.Release|Any CPU.ActiveCfg = Release|Any CPU
		{4E7AEBBE-67E7-4C89-9E86-4A956C400DF5}.Release|Any CPU.Build.0 = Release|Any CPU
	EndGlobalSection
	GlobalSection(SolutionProperties) = preSolution
		HideSolutionNode = FALSE
	EndGlobalSection
	GlobalSection(ExtensibilityGlobals) = postSolution
		SolutionGuid = {C7C3976E-F536-452A-BF7C-D3794236C14B}
	EndGlobalSection
EndGlobal
