
Microsoft Visual Studio Solution File, Format Version 12.00
# Visual Studio Version 17
VisualStudioVersion = 17.5.33414.496
MinimumVisualStudioVersion = 10.0.40219.1
Project("{FAE04EC0-301F-11D3-BF4B-00C04F79EFBC}") = "digito_combinacion", "digito_combinacion.csproj", "{4D953DA9-CE8F-4807-A9BD-65FEB0E3BBA6}"
EndProject
Global
	GlobalSection(SolutionConfigurationPlatforms) = preSolution
		Debug|Any CPU = Debug|Any CPU
		Release|Any CPU = Release|Any CPU
	EndGlobalSection
	GlobalSection(ProjectConfigurationPlatforms) = postSolution
		{4D953DA9-CE8F-4807-A9BD-65FEB0E3BBA6}.Debug|Any CPU.ActiveCfg = Debug|Any CPU
		{4D953DA9-CE8F-4807-A9BD-65FEB0E3BBA6}.Debug|Any CPU.Build.0 = Debug|Any CPU
		{4D953DA9-CE8F-4807-A9BD-65FEB0E3BBA6}.Release|Any CPU.ActiveCfg = Release|Any CPU
		{4D953DA9-CE8F-4807-A9BD-65FEB0E3BBA6}.Release|Any CPU.Build.0 = Release|Any CPU
	EndGlobalSection
	GlobalSection(SolutionProperties) = preSolution
		HideSolutionNode = FALSE
	EndGlobalSection
	GlobalSection(ExtensibilityGlobals) = postSolution
		SolutionGuid = {889E4C48-8756-4027-BDB9-55D30FE295A3}
	EndGlobalSection
EndGlobal
