
Microsoft Visual Studio Solution File, Format Version 12.00
# Visual Studio Version 17
VisualStudioVersion = 17.5.33414.496
MinimumVisualStudioVersion = 10.0.40219.1
Project("{FAE04EC0-301F-11D3-BF4B-00C04F79EFBC}") = "Numeros_-20_20_Ciclo_While", "Numeros_-20_20_Ciclo_While.csproj", "{96476F0E-82AD-43F7-8F1B-BD16966BF933}"
EndProject
Global
	GlobalSection(SolutionConfigurationPlatforms) = preSolution
		Debug|Any CPU = Debug|Any CPU
		Release|Any CPU = Release|Any CPU
	EndGlobalSection
	GlobalSection(ProjectConfigurationPlatforms) = postSolution
		{96476F0E-82AD-43F7-8F1B-BD16966BF933}.Debug|Any CPU.ActiveCfg = Debug|Any CPU
		{96476F0E-82AD-43F7-8F1B-BD16966BF933}.Debug|Any CPU.Build.0 = Debug|Any CPU
		{96476F0E-82AD-43F7-8F1B-BD16966BF933}.Release|Any CPU.ActiveCfg = Release|Any CPU
		{96476F0E-82AD-43F7-8F1B-BD16966BF933}.Release|Any CPU.Build.0 = Release|Any CPU
	EndGlobalSection
	GlobalSection(SolutionProperties) = preSolution
		HideSolutionNode = FALSE
	EndGlobalSection
	GlobalSection(ExtensibilityGlobals) = postSolution
		SolutionGuid = {60D358CC-AE00-47A9-8714-0F1508B049D2}
	EndGlobalSection
EndGlobal
