
Microsoft Visual Studio Solution File, Format Version 12.00
# Visual Studio Version 17
VisualStudioVersion = 17.5.33414.496
MinimumVisualStudioVersion = 10.0.40219.1
Project("{FAE04EC0-301F-11D3-BF4B-00C04F79EFBC}") = "Práctica _ Número positivo, negativo o neutro", "Práctica _ Número positivo, negativo o neutro.csproj", "{228170B2-31A1-4CC6-8CDA-97984189EE7A}"
EndProject
Global
	GlobalSection(SolutionConfigurationPlatforms) = preSolution
		Debug|Any CPU = Debug|Any CPU
		Release|Any CPU = Release|Any CPU
	EndGlobalSection
	GlobalSection(ProjectConfigurationPlatforms) = postSolution
		{228170B2-31A1-4CC6-8CDA-97984189EE7A}.Debug|Any CPU.ActiveCfg = Debug|Any CPU
		{228170B2-31A1-4CC6-8CDA-97984189EE7A}.Debug|Any CPU.Build.0 = Debug|Any CPU
		{228170B2-31A1-4CC6-8CDA-97984189EE7A}.Release|Any CPU.ActiveCfg = Release|Any CPU
		{228170B2-31A1-4CC6-8CDA-97984189EE7A}.Release|Any CPU.Build.0 = Release|Any CPU
	EndGlobalSection
	GlobalSection(SolutionProperties) = preSolution
		HideSolutionNode = FALSE
	EndGlobalSection
	GlobalSection(ExtensibilityGlobals) = postSolution
		SolutionGuid = {417221D3-5C7F-455A-B647-874D14CF92F1}
	EndGlobalSection
EndGlobal
