
Microsoft Visual Studio Solution File, Format Version 12.00
# Visual Studio Version 17
VisualStudioVersion = 17.5.33414.496
MinimumVisualStudioVersion = 10.0.40219.1
Project("{FAE04EC0-301F-11D3-BF4B-00C04F79EFBC}") = "Práctica _ Boleta, promedio y acreditación", "Práctica _ Boleta, promedio y acreditación.csproj", "{A95F43FE-0BCD-486F-A752-C918D6D02840}"
EndProject
Global
	GlobalSection(SolutionConfigurationPlatforms) = preSolution
		Debug|Any CPU = Debug|Any CPU
		Release|Any CPU = Release|Any CPU
	EndGlobalSection
	GlobalSection(ProjectConfigurationPlatforms) = postSolution
		{A95F43FE-0BCD-486F-A752-C918D6D02840}.Debug|Any CPU.ActiveCfg = Debug|Any CPU
		{A95F43FE-0BCD-486F-A752-C918D6D02840}.Debug|Any CPU.Build.0 = Debug|Any CPU
		{A95F43FE-0BCD-486F-A752-C918D6D02840}.Release|Any CPU.ActiveCfg = Release|Any CPU
		{A95F43FE-0BCD-486F-A752-C918D6D02840}.Release|Any CPU.Build.0 = Release|Any CPU
	EndGlobalSection
	GlobalSection(SolutionProperties) = preSolution
		HideSolutionNode = FALSE
	EndGlobalSection
	GlobalSection(ExtensibilityGlobals) = postSolution
		SolutionGuid = {6B35DAB8-2DDD-4B67-A56B-B71FC47FF388}
	EndGlobalSection
EndGlobal
