
Microsoft Visual Studio Solution File, Format Version 12.00
# Visual Studio Version 17
VisualStudioVersion = 17.5.33414.496
MinimumVisualStudioVersion = 10.0.40219.1
Project("{FAE04EC0-301F-11D3-BF4B-00C04F79EFBC}") = "Numeros_1_10_Ciclo_For", "Numeros_1_10_Ciclo_For.csproj", "{3F9DB66B-AFF8-41CD-A678-46F3FB7D261C}"
EndProject
Global
	GlobalSection(SolutionConfigurationPlatforms) = preSolution
		Debug|Any CPU = Debug|Any CPU
		Release|Any CPU = Release|Any CPU
	EndGlobalSection
	GlobalSection(ProjectConfigurationPlatforms) = postSolution
		{3F9DB66B-AFF8-41CD-A678-46F3FB7D261C}.Debug|Any CPU.ActiveCfg = Debug|Any CPU
		{3F9DB66B-AFF8-41CD-A678-46F3FB7D261C}.Debug|Any CPU.Build.0 = Debug|Any CPU
		{3F9DB66B-AFF8-41CD-A678-46F3FB7D261C}.Release|Any CPU.ActiveCfg = Release|Any CPU
		{3F9DB66B-AFF8-41CD-A678-46F3FB7D261C}.Release|Any CPU.Build.0 = Release|Any CPU
	EndGlobalSection
	GlobalSection(SolutionProperties) = preSolution
		HideSolutionNode = FALSE
	EndGlobalSection
	GlobalSection(ExtensibilityGlobals) = postSolution
		SolutionGuid = {A1C21A8A-357D-41F1-A193-036D517AFEE3}
	EndGlobalSection
EndGlobal
