
Microsoft Visual Studio Solution File, Format Version 12.00
# Visual Studio Version 17
VisualStudioVersion = 17.5.33414.496
MinimumVisualStudioVersion = 10.0.40219.1
Project("{FAE04EC0-301F-11D3-BF4B-00C04F79EFBC}") = "Matriz_Numerica_Diagonales", "Matriz_Numerica_Diagonales.csproj", "{9CFB250C-0467-4262-9B16-972B0AF6BEE3}"
EndProject
Global
	GlobalSection(SolutionConfigurationPlatforms) = preSolution
		Debug|Any CPU = Debug|Any CPU
		Release|Any CPU = Release|Any CPU
	EndGlobalSection
	GlobalSection(ProjectConfigurationPlatforms) = postSolution
		{9CFB250C-0467-4262-9B16-972B0AF6BEE3}.Debug|Any CPU.ActiveCfg = Debug|Any CPU
		{9CFB250C-0467-4262-9B16-972B0AF6BEE3}.Debug|Any CPU.Build.0 = Debug|Any CPU
		{9CFB250C-0467-4262-9B16-972B0AF6BEE3}.Release|Any CPU.ActiveCfg = Release|Any CPU
		{9CFB250C-0467-4262-9B16-972B0AF6BEE3}.Release|Any CPU.Build.0 = Release|Any CPU
	EndGlobalSection
	GlobalSection(SolutionProperties) = preSolution
		HideSolutionNode = FALSE
	EndGlobalSection
	GlobalSection(ExtensibilityGlobals) = postSolution
		SolutionGuid = {FA277CB2-8F9B-4895-8498-BDA8462C77E2}
	EndGlobalSection
EndGlobal
