
Microsoft Visual Studio Solution File, Format Version 12.00
# Visual Studio Version 17
VisualStudioVersion = 17.5.33414.496
MinimumVisualStudioVersion = 10.0.40219.1
Project("{FAE04EC0-301F-11D3-BF4B-00C04F79EFBC}") = "Numeros_20_20", "Numeros_20_20.csproj", "{043E3597-1FF0-4309-AF6B-EB55ED1B081D}"
EndProject
Global
	GlobalSection(SolutionConfigurationPlatforms) = preSolution
		Debug|Any CPU = Debug|Any CPU
		Release|Any CPU = Release|Any CPU
	EndGlobalSection
	GlobalSection(ProjectConfigurationPlatforms) = postSolution
		{043E3597-1FF0-4309-AF6B-EB55ED1B081D}.Debug|Any CPU.ActiveCfg = Debug|Any CPU
		{043E3597-1FF0-4309-AF6B-EB55ED1B081D}.Debug|Any CPU.Build.0 = Debug|Any CPU
		{043E3597-1FF0-4309-AF6B-EB55ED1B081D}.Release|Any CPU.ActiveCfg = Release|Any CPU
		{043E3597-1FF0-4309-AF6B-EB55ED1B081D}.Release|Any CPU.Build.0 = Release|Any CPU
	EndGlobalSection
	GlobalSection(SolutionProperties) = preSolution
		HideSolutionNode = FALSE
	EndGlobalSection
	GlobalSection(ExtensibilityGlobals) = postSolution
		SolutionGuid = {33F1FE90-F5B0-4F2E-AEE1-F2633C1A1FEB}
	EndGlobalSection
EndGlobal
