
Microsoft Visual Studio Solution File, Format Version 12.00
# Visual Studio Version 17
VisualStudioVersion = 17.5.33414.496
MinimumVisualStudioVersion = 10.0.40219.1
Project("{FAE04EC0-301F-11D3-BF4B-00C04F79EFBC}") = "Práctica _ Nota de venta e impuesto", "Práctica _ Nota de venta e impuesto.csproj", "{A6731577-ED9A-4074-A6A0-7AB0A51ACDC7}"
EndProject
Global
	GlobalSection(SolutionConfigurationPlatforms) = preSolution
		Debug|Any CPU = Debug|Any CPU
		Release|Any CPU = Release|Any CPU
	EndGlobalSection
	GlobalSection(ProjectConfigurationPlatforms) = postSolution
		{A6731577-ED9A-4074-A6A0-7AB0A51ACDC7}.Debug|Any CPU.ActiveCfg = Debug|Any CPU
		{A6731577-ED9A-4074-A6A0-7AB0A51ACDC7}.Debug|Any CPU.Build.0 = Debug|Any CPU
		{A6731577-ED9A-4074-A6A0-7AB0A51ACDC7}.Release|Any CPU.ActiveCfg = Release|Any CPU
		{A6731577-ED9A-4074-A6A0-7AB0A51ACDC7}.Release|Any CPU.Build.0 = Release|Any CPU
	EndGlobalSection
	GlobalSection(SolutionProperties) = preSolution
		HideSolutionNode = FALSE
	EndGlobalSection
	GlobalSection(ExtensibilityGlobals) = postSolution
		SolutionGuid = {5998F21F-0A46-4D25-AB01-21A24AD79EF3}
	EndGlobalSection
EndGlobal
