
Microsoft Visual Studio Solution File, Format Version 12.00
# Visual Studio Version 17
VisualStudioVersion = 17.5.33414.496
MinimumVisualStudioVersion = 10.0.40219.1
Project("{FAE04EC0-301F-11D3-BF4B-00C04F79EFBC}") = "Matriz_Numerica_Tarea", "Matriz_Numerica_Tarea.csproj", "{29F09DD1-C709-424E-AA89-BA091FA7BEFB}"
EndProject
Global
	GlobalSection(SolutionConfigurationPlatforms) = preSolution
		Debug|Any CPU = Debug|Any CPU
		Release|Any CPU = Release|Any CPU
	EndGlobalSection
	GlobalSection(ProjectConfigurationPlatforms) = postSolution
		{29F09DD1-C709-424E-AA89-BA091FA7BEFB}.Debug|Any CPU.ActiveCfg = Debug|Any CPU
		{29F09DD1-C709-424E-AA89-BA091FA7BEFB}.Debug|Any CPU.Build.0 = Debug|Any CPU
		{29F09DD1-C709-424E-AA89-BA091FA7BEFB}.Release|Any CPU.ActiveCfg = Release|Any CPU
		{29F09DD1-C709-424E-AA89-BA091FA7BEFB}.Release|Any CPU.Build.0 = Release|Any CPU
	EndGlobalSection
	GlobalSection(SolutionProperties) = preSolution
		HideSolutionNode = FALSE
	EndGlobalSection
	GlobalSection(ExtensibilityGlobals) = postSolution
		SolutionGuid = {519A5CB9-5C1F-496F-842B-545B5BA7A943}
	EndGlobalSection
EndGlobal
