
Microsoft Visual Studio Solution File, Format Version 12.00
# Visual Studio Version 17
VisualStudioVersion = 17.5.33414.496
MinimumVisualStudioVersion = 10.0.40219.1
Project("{FAE04EC0-301F-11D3-BF4B-00C04F79EFBC}") = "Numeros_1_1_Ciclo_Do_While", "Numeros_1_1_Ciclo_Do_While.csproj", "{CDDB3BA9-8F20-4CCF-8F98-AFB09C8D0F4C}"
EndProject
Global
	GlobalSection(SolutionConfigurationPlatforms) = preSolution
		Debug|Any CPU = Debug|Any CPU
		Release|Any CPU = Release|Any CPU
	EndGlobalSection
	GlobalSection(ProjectConfigurationPlatforms) = postSolution
		{CDDB3BA9-8F20-4CCF-8F98-AFB09C8D0F4C}.Debug|Any CPU.ActiveCfg = Debug|Any CPU
		{CDDB3BA9-8F20-4CCF-8F98-AFB09C8D0F4C}.Debug|Any CPU.Build.0 = Debug|Any CPU
		{CDDB3BA9-8F20-4CCF-8F98-AFB09C8D0F4C}.Release|Any CPU.ActiveCfg = Release|Any CPU
		{CDDB3BA9-8F20-4CCF-8F98-AFB09C8D0F4C}.Release|Any CPU.Build.0 = Release|Any CPU
	EndGlobalSection
	GlobalSection(SolutionProperties) = preSolution
		HideSolutionNode = FALSE
	EndGlobalSection
	GlobalSection(ExtensibilityGlobals) = postSolution
		SolutionGuid = {2F86037C-7451-4575-AC71-8CBA40EBD033}
	EndGlobalSection
EndGlobal
