
Microsoft Visual Studio Solution File, Format Version 12.00
# Visual Studio Version 17
VisualStudioVersion = 17.5.33414.496
MinimumVisualStudioVersion = 10.0.40219.1
Project("{FAE04EC0-301F-11D3-BF4B-00C04F79EFBC}") = "Numeros_1_10_Ciclo_While", "Numeros_1_10_Ciclo_While.csproj", "{125EEA7A-15A9-4565-BA9C-A4A6AC79FB06}"
EndProject
Global
	GlobalSection(SolutionConfigurationPlatforms) = preSolution
		Debug|Any CPU = Debug|Any CPU
		Release|Any CPU = Release|Any CPU
	EndGlobalSection
	GlobalSection(ProjectConfigurationPlatforms) = postSolution
		{125EEA7A-15A9-4565-BA9C-A4A6AC79FB06}.Debug|Any CPU.ActiveCfg = Debug|Any CPU
		{125EEA7A-15A9-4565-BA9C-A4A6AC79FB06}.Debug|Any CPU.Build.0 = Debug|Any CPU
		{125EEA7A-15A9-4565-BA9C-A4A6AC79FB06}.Release|Any CPU.ActiveCfg = Release|Any CPU
		{125EEA7A-15A9-4565-BA9C-A4A6AC79FB06}.Release|Any CPU.Build.0 = Release|Any CPU
	EndGlobalSection
	GlobalSection(SolutionProperties) = preSolution
		HideSolutionNode = FALSE
	EndGlobalSection
	GlobalSection(ExtensibilityGlobals) = postSolution
		SolutionGuid = {A6CC4561-D634-4D31-9085-D078BA217540}
	EndGlobalSection
EndGlobal
