
Microsoft Visual Studio Solution File, Format Version 12.00
# Visual Studio Version 17
VisualStudioVersion = 17.4.33403.182
MinimumVisualStudioVersion = 10.0.40219.1
Project("{FAE04EC0-301F-11D3-BF4B-00C04F79EFBC}") = "PracticaMedianoche", "PracticaMedianoche.csproj", "{4D400A70-DF23-42E3-8CD6-3A1AD6AC58E8}"
EndProject
Global
	GlobalSection(SolutionConfigurationPlatforms) = preSolution
		Debug|Any CPU = Debug|Any CPU
		Release|Any CPU = Release|Any CPU
	EndGlobalSection
	GlobalSection(ProjectConfigurationPlatforms) = postSolution
		{4D400A70-DF23-42E3-8CD6-3A1AD6AC58E8}.Debug|Any CPU.ActiveCfg = Debug|Any CPU
		{4D400A70-DF23-42E3-8CD6-3A1AD6AC58E8}.Debug|Any CPU.Build.0 = Debug|Any CPU
		{4D400A70-DF23-42E3-8CD6-3A1AD6AC58E8}.Release|Any CPU.ActiveCfg = Release|Any CPU
		{4D400A70-DF23-42E3-8CD6-3A1AD6AC58E8}.Release|Any CPU.Build.0 = Release|Any CPU
	EndGlobalSection
	GlobalSection(SolutionProperties) = preSolution
		HideSolutionNode = FALSE
	EndGlobalSection
	GlobalSection(ExtensibilityGlobals) = postSolution
		SolutionGuid = {2E456B14-8D0A-47E9-AE18-7B0FD24B5DB9}
	EndGlobalSection
EndGlobal
