
Microsoft Visual Studio Solution File, Format Version 12.00
# Visual Studio Version 17
VisualStudioVersion = 17.5.33414.496
MinimumVisualStudioVersion = 10.0.40219.1
Project("{FAE04EC0-301F-11D3-BF4B-00C04F79EFBC}") = "Práctica _ Mayor de 2 números", "Práctica _ Mayor de 2 números.csproj", "{4ED95292-01B8-4592-B317-F8A7046FC4AD}"
EndProject
Global
	GlobalSection(SolutionConfigurationPlatforms) = preSolution
		Debug|Any CPU = Debug|Any CPU
		Release|Any CPU = Release|Any CPU
	EndGlobalSection
	GlobalSection(ProjectConfigurationPlatforms) = postSolution
		{4ED95292-01B8-4592-B317-F8A7046FC4AD}.Debug|Any CPU.ActiveCfg = Debug|Any CPU
		{4ED95292-01B8-4592-B317-F8A7046FC4AD}.Debug|Any CPU.Build.0 = Debug|Any CPU
		{4ED95292-01B8-4592-B317-F8A7046FC4AD}.Release|Any CPU.ActiveCfg = Release|Any CPU
		{4ED95292-01B8-4592-B317-F8A7046FC4AD}.Release|Any CPU.Build.0 = Release|Any CPU
	EndGlobalSection
	GlobalSection(SolutionProperties) = preSolution
		HideSolutionNode = FALSE
	EndGlobalSection
	GlobalSection(ExtensibilityGlobals) = postSolution
		SolutionGuid = {D5E7FD38-F67B-43B7-92BE-7589B94AFCE4}
	EndGlobalSection
EndGlobal
