
Microsoft Visual Studio Solution File, Format Version 12.00
# Visual Studio Version 17
VisualStudioVersion = 17.5.33414.496
MinimumVisualStudioVersion = 10.0.40219.1
Project("{FAE04EC0-301F-11D3-BF4B-00C04F79EFBC}") = "Numeros_20_50_Ciclo_While", "Numeros_20_50_Ciclo_While.csproj", "{66257B27-513B-4564-8DA3-0349C533CFA3}"
EndProject
Global
	GlobalSection(SolutionConfigurationPlatforms) = preSolution
		Debug|Any CPU = Debug|Any CPU
		Release|Any CPU = Release|Any CPU
	EndGlobalSection
	GlobalSection(ProjectConfigurationPlatforms) = postSolution
		{66257B27-513B-4564-8DA3-0349C533CFA3}.Debug|Any CPU.ActiveCfg = Debug|Any CPU
		{66257B27-513B-4564-8DA3-0349C533CFA3}.Debug|Any CPU.Build.0 = Debug|Any CPU
		{66257B27-513B-4564-8DA3-0349C533CFA3}.Release|Any CPU.ActiveCfg = Release|Any CPU
		{66257B27-513B-4564-8DA3-0349C533CFA3}.Release|Any CPU.Build.0 = Release|Any CPU
	EndGlobalSection
	GlobalSection(SolutionProperties) = preSolution
		HideSolutionNode = FALSE
	EndGlobalSection
	GlobalSection(ExtensibilityGlobals) = postSolution
		SolutionGuid = {38BBB3A1-30A1-40C5-8AF5-530375B1BFEB}
	EndGlobalSection
EndGlobal
